
Microsoft Visual Studio Solution File, Format Version 12.00
# Visual Studio Version 18
VisualStudioVersion = 18.6.11819.183 stable
MinimumVisualStudioVersion = 10.0.40219.1
Project("{FAE04EC0-301F-11D3-BF4B-00C04F79EFBC}") = "Kaffebar", "Kaffebar.csproj", "{C6668EE1-8C92-38A7-D158-93B3CEBE9BB4}"
EndProject
Global
	GlobalSection(SolutionConfigurationPlatforms) = preSolution
		Debug|Any CPU = Debug|Any CPU
		Release|Any CPU = Release|Any CPU
	EndGlobalSection
	GlobalSection(ProjectConfigurationPlatforms) = postSolution
		{C6668EE1-8C92-38A7-D158-93B3CEBE9BB4}.Debug|Any CPU.ActiveCfg = Debug|Any CPU
		{C6668EE1-8C92-38A7-D158-93B3CEBE9BB4}.Debug|Any CPU.Build.0 = Debug|Any CPU
		{C6668EE1-8C92-38A7-D158-93B3CEBE9BB4}.Release|Any CPU.ActiveCfg = Release|Any CPU
		{C6668EE1-8C92-38A7-D158-93B3CEBE9BB4}.Release|Any CPU.Build.0 = Release|Any CPU
	EndGlobalSection
	GlobalSection(SolutionProperties) = preSolution
		HideSolutionNode = FALSE
	EndGlobalSection
	GlobalSection(ExtensibilityGlobals) = postSolution
		SolutionGuid = {CD45DFB2-A620-4A22-990D-8EC0A7ECB845}
	EndGlobalSection
EndGlobal
